// !$*UTF8*$!
{
	archiveVersion = 1;
	classes = {
	};
	objectVersion = 46;
	objects = {

/* Begin PBXBuildFile section */
		B656F64D1F02EB9900D7ADDB /* main.m in Sources */ = {isa = PBXBuildFile; fileRef = B656F64C1F02EB9900D7ADDB /* main.m */; };
		B656F6501F02EB9900D7ADDB /* AppDelegate.m in Sources */ = {isa = PBXBuildFile; fileRef = B656F64F1F02EB9900D7ADDB /* AppDelegate.m */; };
		B656F6561F02EB9900D7ADDB /* Main.storyboard in Resources */ = {isa = PBXBuildFile; fileRef = B656F6541F02EB9900D7ADDB /* Main.storyboard */; };
		B656F6581F02EB9900D7ADDB /* Assets.xcassets in Resources */ = {isa = PBXBuildFile; fileRef = B656F6571F02EB9900D7ADDB /* Assets.xcassets */; };
		B656F65B1F02EB9900D7ADDB /* LaunchScreen.storyboard in Resources */ = {isa = PBXBuildFile; fileRef = B656F6591F02EB9900D7ADDB /* LaunchScreen.storyboard */; };
		B656F66A1F02ED8800D7ADDB /* Rover.m in Sources */ = {isa = PBXBuildFile; fileRef = B656F6691F02ED8800D7ADDB /* Rover.m */; };
		B656F66D1F02EFFC00D7ADDB /* Photo.m in Sources */ = {isa = PBXBuildFile; fileRef = B656F66C1F02EFFC00D7ADDB /* Photo.m */; };
		B656F6701F02F0BA00D7ADDB /* SolDescription.m in Sources */ = {isa = PBXBuildFile; fileRef = B656F66F1F02F0BA00D7ADDB /* SolDescription.m */; };
		B656F6731F02F94F00D7ADDB /* CDCMarsRoverClient.m in Sources */ = {isa = PBXBuildFile; fileRef = B656F6721F02F94F00D7ADDB /* CDCMarsRoverClient.m */; };
		B656F6751F03011800D7ADDB /* APIKeys.plist in Resources */ = {isa = PBXBuildFile; fileRef = B656F6741F03011800D7ADDB /* APIKeys.plist */; };
		B656F6891F032CD000D7ADDB /* CDCRoverController.m in Sources */ = {isa = PBXBuildFile; fileRef = B656F6881F032CD000D7ADDB /* CDCRoverController.m */; };
		B656F6A11F0443AC00D7ADDB /* NetworkController.swift in Sources */ = {isa = PBXBuildFile; fileRef = B656F6A01F0443AC00D7ADDB /* NetworkController.swift */; };
		B6F33B3F1F0452370035A2A1 /* CDCRoversTableViewController.m in Sources */ = {isa = PBXBuildFile; fileRef = B6F33B3E1F0452370035A2A1 /* CDCRoversTableViewController.m */; };
		B6F33B421F0452550035A2A1 /* CDCSolsTableViewController.m in Sources */ = {isa = PBXBuildFile; fileRef = B6F33B411F0452550035A2A1 /* CDCSolsTableViewController.m */; };
		B6F33B451F0452720035A2A1 /* CDCPhotosCollectionViewController.m in Sources */ = {isa = PBXBuildFile; fileRef = B6F33B441F0452720035A2A1 /* CDCPhotosCollectionViewController.m */; };
		B6F33B481F04528B0035A2A1 /* CDCPhotoCollectionViewCell.m in Sources */ = {isa = PBXBuildFile; fileRef = B6F33B471F04528B0035A2A1 /* CDCPhotoCollectionViewCell.m */; };
		B6F33B4B1F0452A90035A2A1 /* CDCPhotoDetailsViewController.m in Sources */ = {isa = PBXBuildFile; fileRef = B6F33B4A1F0452A90035A2A1 /* CDCPhotoDetailsViewController.m */; };
/* End PBXBuildFile section */

/* Begin PBXFileReference section */
		B656F6481F02EB9900D7ADDB /* Rover.app */ = {isa = PBXFileReference; explicitFileType = wrapper.application; includeInIndex = 0; path = Rover.app; sourceTree = BUILT_PRODUCTS_DIR; };
		B656F64C1F02EB9900D7ADDB /* main.m */ = {isa = PBXFileReference; lastKnownFileType = sourcecode.c.objc; path = main.m; sourceTree = "<group>"; };
		B656F64E1F02EB9900D7ADDB /* AppDelegate.h */ = {isa = PBXFileReference; lastKnownFileType = sourcecode.c.h; path = AppDelegate.h; sourceTree = "<group>"; };
		B656F64F1F02EB9900D7ADDB /* AppDelegate.m */ = {isa = PBXFileReference; lastKnownFileType = sourcecode.c.objc; path = AppDelegate.m; sourceTree = "<group>"; };
		B656F6551F02EB9900D7ADDB /* Base */ = {isa = PBXFileReference; lastKnownFileType = file.storyboard; name = Base; path = Base.lproj/Main.storyboard; sourceTree = "<group>"; };
		B656F6571F02EB9900D7ADDB /* Assets.xcassets */ = {isa = PBXFileReference; lastKnownFileType = folder.assetcatalog; path = Assets.xcassets; sourceTree = "<group>"; };
		B656F65A1F02EB9900D7ADDB /* Base */ = {isa = PBXFileReference; lastKnownFileType = file.storyboard; name = Base; path = Base.lproj/LaunchScreen.storyboard; sourceTree = "<group>"; };
		B656F65C1F02EB9900D7ADDB /* Info.plist */ = {isa = PBXFileReference; lastKnownFileType = text.plist.xml; path = Info.plist; sourceTree = "<group>"; };
		B656F6681F02ED8800D7ADDB /* Rover.h */ = {isa = PBXFileReference; fileEncoding = 4; lastKnownFileType = sourcecode.c.h; path = Rover.h; sourceTree = "<group>"; };
		B656F6691F02ED8800D7ADDB /* Rover.m */ = {isa = PBXFileReference; fileEncoding = 4; lastKnownFileType = sourcecode.c.objc; path = Rover.m; sourceTree = "<group>"; };
		B656F66B1F02EFFC00D7ADDB /* Photo.h */ = {isa = PBXFileReference; fileEncoding = 4; lastKnownFileType = sourcecode.c.h; path = Photo.h; sourceTree = "<group>"; };
		B656F66C1F02EFFC00D7ADDB /* Photo.m */ = {isa = PBXFileReference; fileEncoding = 4; lastKnownFileType = sourcecode.c.objc; path = Photo.m; sourceTree = "<group>"; };
		B656F66E1F02F0BA00D7ADDB /* SolDescription.h */ = {isa = PBXFileReference; fileEncoding = 4; lastKnownFileType = sourcecode.c.h; path = SolDescription.h; sourceTree = "<group>"; };
		B656F66F1F02F0BA00D7ADDB /* SolDescription.m */ = {isa = PBXFileReference; fileEncoding = 4; lastKnownFileType = sourcecode.c.objc; path = SolDescription.m; sourceTree = "<group>"; };
		B656F6711F02F94F00D7ADDB /* CDCMarsRoverClient.h */ = {isa = PBXFileReference; fileEncoding = 4; lastKnownFileType = sourcecode.c.h; path = CDCMarsRoverClient.h; sourceTree = "<group>"; };
		B656F6721F02F94F00D7ADDB /* CDCMarsRoverClient.m */ = {isa = PBXFileReference; fileEncoding = 4; lastKnownFileType = sourcecode.c.objc; path = CDCMarsRoverClient.m; sourceTree = "<group>"; };
		B656F6741F03011800D7ADDB /* APIKeys.plist */ = {isa = PBXFileReference; fileEncoding = 4; lastKnownFileType = text.plist.xml; name = APIKeys.plist; path = "../../../../../Downloads/Rover-master/Sources/APIKeys.plist"; sourceTree = "<group>"; };
		B656F6871F032CD000D7ADDB /* CDCRoverController.h */ = {isa = PBXFileReference; fileEncoding = 4; lastKnownFileType = sourcecode.c.h; path = CDCRoverController.h; sourceTree = "<group>"; };
		B656F6881F032CD000D7ADDB /* CDCRoverController.m */ = {isa = PBXFileReference; fileEncoding = 4; lastKnownFileType = sourcecode.c.objc; path = CDCRoverController.m; sourceTree = "<group>"; };
		B656F6A01F0443AC00D7ADDB /* NetworkController.swift */ = {isa = PBXFileReference; fileEncoding = 4; lastKnownFileType = sourcecode.swift; path = NetworkController.swift; sourceTree = "<group>"; };
		B656F6A21F04442800D7ADDB /* Rover-Bridging-Header.h */ = {isa = PBXFileReference; lastKnownFileType = sourcecode.c.h; path = "Rover-Bridging-Header.h"; sourceTree = "<group>"; };
		B6F33B3D1F0452370035A2A1 /* CDCRoversTableViewController.h */ = {isa = PBXFileReference; fileEncoding = 4; lastKnownFileType = sourcecode.c.h; path = CDCRoversTableViewController.h; sourceTree = "<group>"; };
		B6F33B3E1F0452370035A2A1 /* CDCRoversTableViewController.m */ = {isa = PBXFileReference; fileEncoding = 4; lastKnownFileType = sourcecode.c.objc; path = CDCRoversTableViewController.m; sourceTree = "<group>"; };
		B6F33B401F0452550035A2A1 /* CDCSolsTableViewController.h */ = {isa = PBXFileReference; fileEncoding = 4; lastKnownFileType = sourcecode.c.h; path = CDCSolsTableViewController.h; sourceTree = "<group>"; };
		B6F33B411F0452550035A2A1 /* CDCSolsTableViewController.m */ = {isa = PBXFileReference; fileEncoding = 4; lastKnownFileType = sourcecode.c.objc; path = CDCSolsTableViewController.m; sourceTree = "<group>"; };
		B6F33B431F0452720035A2A1 /* CDCPhotosCollectionViewController.h */ = {isa = PBXFileReference; fileEncoding = 4; lastKnownFileType = sourcecode.c.h; path = CDCPhotosCollectionViewController.h; sourceTree = "<group>"; };
		B6F33B441F0452720035A2A1 /* CDCPhotosCollectionViewController.m */ = {isa = PBXFileReference; fileEncoding = 4; lastKnownFileType = sourcecode.c.objc; path = CDCPhotosCollectionViewController.m; sourceTree = "<group>"; };
		B6F33B461F04528B0035A2A1 /* CDCPhotoCollectionViewCell.h */ = {isa = PBXFileReference; fileEncoding = 4; lastKnownFileType = sourcecode.c.h; path = CDCPhotoCollectionViewCell.h; sourceTree = "<group>"; };
		B6F33B471F04528B0035A2A1 /* CDCPhotoCollectionViewCell.m */ = {isa = PBXFileReference; fileEncoding = 4; lastKnownFileType = sourcecode.c.objc; path = CDCPhotoCollectionViewCell.m; sourceTree = "<group>"; };
		B6F33B491F0452A90035A2A1 /* CDCPhotoDetailsViewController.h */ = {isa = PBXFileReference; fileEncoding = 4; lastKnownFileType = sourcecode.c.h; path = CDCPhotoDetailsViewController.h; sourceTree = "<group>"; };
		B6F33B4A1F0452A90035A2A1 /* CDCPhotoDetailsViewController.m */ = {isa = PBXFileReference; fileEncoding = 4; lastKnownFileType = sourcecode.c.objc; path = CDCPhotoDetailsViewController.m; sourceTree = "<group>"; };
/* End PBXFileReference section */

/* Begin PBXFrameworksBuildPhase section */
		B656F6451F02EB9900D7ADDB /* Frameworks */ = {
			isa = PBXFrameworksBuildPhase;
			buildActionMask = 2147483647;
			files = (
			);
			runOnlyForDeploymentPostprocessing = 0;
		};
/* End PBXFrameworksBuildPhase section */

/* Begin PBXGroup section */
		B656F63F1F02EB9900D7ADDB = {
			isa = PBXGroup;
			children = (
				B656F64A1F02EB9900D7ADDB /* Rover */,
				B656F6491F02EB9900D7ADDB /* Products */,
			);
			sourceTree = "<group>";
		};
		B656F6491F02EB9900D7ADDB /* Products */ = {
			isa = PBXGroup;
			children = (
				B656F6481F02EB9900D7ADDB /* Rover.app */,
			);
			name = Products;
			sourceTree = "<group>";
		};
		B656F64A1F02EB9900D7ADDB /* Rover */ = {
			isa = PBXGroup;
			children = (
				B656F6831F03186B00D7ADDB /* Views */,
				B656F6661F02EBD000D7ADDB /* ViewController */,
				B656F6651F02EBCB00D7ADDB /* ModelController */,
				B656F6641F02EBC700D7ADDB /* Model */,
				B656F6621F02EBB100D7ADDB /* Storyboards */,
				B656F64B1F02EB9900D7ADDB /* Supporting Files */,
				B656F6791F03108400D7ADDB /* NetworkController */,
				B656F6631F02EBBB00D7ADDB /* Resources */,
			);
			path = Rover;
			sourceTree = "<group>";
		};
		B656F64B1F02EB9900D7ADDB /* Supporting Files */ = {
			isa = PBXGroup;
			children = (
				B656F64C1F02EB9900D7ADDB /* main.m */,
			);
			name = "Supporting Files";
			sourceTree = "<group>";
		};
		B656F6621F02EBB100D7ADDB /* Storyboards */ = {
			isa = PBXGroup;
			children = (
				B656F6541F02EB9900D7ADDB /* Main.storyboard */,
				B656F6591F02EB9900D7ADDB /* LaunchScreen.storyboard */,
			);
			name = Storyboards;
			sourceTree = "<group>";
		};
		B656F6631F02EBBB00D7ADDB /* Resources */ = {
			isa = PBXGroup;
			children = (
				B656F64E1F02EB9900D7ADDB /* AppDelegate.h */,
				B656F64F1F02EB9900D7ADDB /* AppDelegate.m */,
				B656F6571F02EB9900D7ADDB /* Assets.xcassets */,
				B656F65C1F02EB9900D7ADDB /* Info.plist */,
				B656F6741F03011800D7ADDB /* APIKeys.plist */,
			);
			name = Resources;
			sourceTree = "<group>";
		};
		B656F6641F02EBC700D7ADDB /* Model */ = {
			isa = PBXGroup;
			children = (
				B656F6681F02ED8800D7ADDB /* Rover.h */,
				B656F6691F02ED8800D7ADDB /* Rover.m */,
				B656F66B1F02EFFC00D7ADDB /* Photo.h */,
				B656F66C1F02EFFC00D7ADDB /* Photo.m */,
				B656F66E1F02F0BA00D7ADDB /* SolDescription.h */,
				B656F66F1F02F0BA00D7ADDB /* SolDescription.m */,
			);
			name = Model;
			sourceTree = "<group>";
		};
		B656F6651F02EBCB00D7ADDB /* ModelController */ = {
			isa = PBXGroup;
			children = (
				B656F6871F032CD000D7ADDB /* CDCRoverController.h */,
				B656F6881F032CD000D7ADDB /* CDCRoverController.m */,
			);
			name = ModelController;
			sourceTree = "<group>";
		};
		B656F6661F02EBD000D7ADDB /* ViewController */ = {
			isa = PBXGroup;
			children = (
				B6F33B491F0452A90035A2A1 /* CDCPhotoDetailsViewController.h */,
				B6F33B4A1F0452A90035A2A1 /* CDCPhotoDetailsViewController.m */,
				B6F33B3D1F0452370035A2A1 /* CDCRoversTableViewController.h */,
				B6F33B3E1F0452370035A2A1 /* CDCRoversTableViewController.m */,
				B6F33B401F0452550035A2A1 /* CDCSolsTableViewController.h */,
				B6F33B411F0452550035A2A1 /* CDCSolsTableViewController.m */,
				B6F33B431F0452720035A2A1 /* CDCPhotosCollectionViewController.h */,
				B6F33B441F0452720035A2A1 /* CDCPhotosCollectionViewController.m */,
			);
			name = ViewController;
			sourceTree = "<group>";
		};
		B656F6791F03108400D7ADDB /* NetworkController */ = {
			isa = PBXGroup;
			children = (
				B656F6711F02F94F00D7ADDB /* CDCMarsRoverClient.h */,
				B656F6721F02F94F00D7ADDB /* CDCMarsRoverClient.m */,
				B656F6A01F0443AC00D7ADDB /* NetworkController.swift */,
				B656F6A21F04442800D7ADDB /* Rover-Bridging-Header.h */,
			);
			name = NetworkController;
			sourceTree = "<group>";
		};
		B656F6831F03186B00D7ADDB /* Views */ = {
			isa = PBXGroup;
			children = (
				B6F33B461F04528B0035A2A1 /* CDCPhotoCollectionViewCell.h */,
				B6F33B471F04528B0035A2A1 /* CDCPhotoCollectionViewCell.m */,
			);
			name = Views;
			sourceTree = "<group>";
		};
/* End PBXGroup section */

/* Begin PBXNativeTarget section */
		B656F6471F02EB9900D7ADDB /* Rover */ = {
			isa = PBXNativeTarget;
			buildConfigurationList = B656F65F1F02EB9900D7ADDB /* Build configuration list for PBXNativeTarget "Rover" */;
			buildPhases = (
				B656F6441F02EB9900D7ADDB /* Sources */,
				B656F6451F02EB9900D7ADDB /* Frameworks */,
				B656F6461F02EB9900D7ADDB /* Resources */,
			);
			buildRules = (
			);
			dependencies = (
			);
			name = Rover;
			productName = Rover;
			productReference = B656F6481F02EB9900D7ADDB /* Rover.app */;
			productType = "com.apple.product-type.application";
		};
/* End PBXNativeTarget section */

/* Begin PBXProject section */
		B656F6401F02EB9900D7ADDB /* Project object */ = {
			isa = PBXProject;
			attributes = {
				LastUpgradeCheck = 0830;
				ORGANIZATIONNAME = "Collin Cannavo";
				TargetAttributes = {
					B656F6471F02EB9900D7ADDB = {
						CreatedOnToolsVersion = 8.3.3;
						DevelopmentTeam = X458A5BXZ4;
						LastSwiftMigration = 0830;
						ProvisioningStyle = Automatic;
					};
				};
			};
			buildConfigurationList = B656F6431F02EB9900D7ADDB /* Build configuration list for PBXProject "Rover" */;
			compatibilityVersion = "Xcode 3.2";
			developmentRegion = English;
			hasScannedForEncodings = 0;
			knownRegions = (
				en,
				Base,
			);
			mainGroup = B656F63F1F02EB9900D7ADDB;
			productRefGroup = B656F6491F02EB9900D7ADDB /* Products */;
			projectDirPath = "";
			projectRoot = "";
			targets = (
				B656F6471F02EB9900D7ADDB /* Rover */,
			);
		};
/* End PBXProject section */

/* Begin PBXResourcesBuildPhase section */
		B656F6461F02EB9900D7ADDB /* Resources */ = {
			isa = PBXResourcesBuildPhase;
			buildActionMask = 2147483647;
			files = (
				B656F65B1F02EB9900D7ADDB /* LaunchScreen.storyboard in Resources */,
				B656F6751F03011800D7ADDB /* APIKeys.plist in Resources */,
				B656F6581F02EB9900D7ADDB /* Assets.xcassets in Resources */,
				B656F6561F02EB9900D7ADDB /* Main.storyboard in Resources */,
			);
			runOnlyForDeploymentPostprocessing = 0;
		};
/* End PBXResourcesBuildPhase section */

/* Begin PBXSourcesBuildPhase section */
		B656F6441F02EB9900D7ADDB /* Sources */ = {
			isa = PBXSourcesBuildPhase;
			buildActionMask = 2147483647;
			files = (
				B656F66D1F02EFFC00D7ADDB /* Photo.m in Sources */,
				B656F6891F032CD000D7ADDB /* CDCRoverController.m in Sources */,
				B656F66A1F02ED8800D7ADDB /* Rover.m in Sources */,
				B656F6A11F0443AC00D7ADDB /* NetworkController.swift in Sources */,
				B6F33B451F0452720035A2A1 /* CDCPhotosCollectionViewController.m in Sources */,
				B656F6701F02F0BA00D7ADDB /* SolDescription.m in Sources */,
				B6F33B481F04528B0035A2A1 /* CDCPhotoCollectionViewCell.m in Sources */,
				B6F33B421F0452550035A2A1 /* CDCSolsTableViewController.m in Sources */,
				B656F6731F02F94F00D7ADDB /* CDCMarsRoverClient.m in Sources */,
				B6F33B3F1F0452370035A2A1 /* CDCRoversTableViewController.m in Sources */,
				B656F6501F02EB9900D7ADDB /* AppDelegate.m in Sources */,
				B656F64D1F02EB9900D7ADDB /* main.m in Sources */,
				B6F33B4B1F0452A90035A2A1 /* CDCPhotoDetailsViewController.m in Sources */,
			);
			runOnlyForDeploymentPostprocessing = 0;
		};
/* End PBXSourcesBuildPhase section */

/* Begin PBXVariantGroup section */
		B656F6541F02EB9900D7ADDB /* Main.storyboard */ = {
			isa = PBXVariantGroup;
			children = (
				B656F6551F02EB9900D7ADDB /* Base */,
			);
			name = Main.storyboard;
			sourceTree = "<group>";
		};
		B656F6591F02EB9900D7ADDB /* LaunchScreen.storyboard */ = {
			isa = PBXVariantGroup;
			children = (
				B656F65A1F02EB9900D7ADDB /* Base */,
			);
			name = LaunchScreen.storyboard;
			sourceTree = "<group>";
		};
/* End PBXVariantGroup section */

/* Begin XCBuildConfiguration section */
		B656F65D1F02EB9900D7ADDB /* Debug */ = {
			isa = XCBuildConfiguration;
			buildSettings = {
				ALWAYS_SEARCH_USER_PATHS = NO;
				CLANG_ANALYZER_NONNULL = YES;
				CLANG_ANALYZER_NUMBER_OBJECT_CONVERSION = YES_AGGRESSIVE;
				CLANG_CXX_LANGUAGE_STANDARD = "gnu++0x";
				CLANG_CXX_LIBRARY = "libc++";
				CLANG_ENABLE_MODULES = YES;
				CLANG_ENABLE_OBJC_ARC = YES;
				CLANG_WARN_BOOL_CONVERSION = YES;
				CLANG_WARN_CONSTANT_CONVERSION = YES;
				CLANG_WARN_DIRECT_OBJC_ISA_USAGE = YES_ERROR;
				CLANG_WARN_DOCUMENTATION_COMMENTS = YES;
				CLANG_WARN_EMPTY_BODY = YES;
				CLANG_WARN_ENUM_CONVERSION = YES;
				CLANG_WARN_INFINITE_RECURSION = YES;
				CLANG_WARN_INT_CONVERSION = YES;
				CLANG_WARN_OBJC_ROOT_CLASS = YES_ERROR;
				CLANG_WARN_SUSPICIOUS_MOVE = YES;
				CLANG_WARN_UNREACHABLE_CODE = YES;
				CLANG_WARN__DUPLICATE_METHOD_MATCH = YES;
				"CODE_SIGN_IDENTITY[sdk=iphoneos*]" = "iPhone Developer";
				COPY_PHASE_STRIP = NO;
				DEBUG_INFORMATION_FORMAT = dwarf;
				ENABLE_STRICT_OBJC_MSGSEND = YES;
				ENABLE_TESTABILITY = YES;
				GCC_C_LANGUAGE_STANDARD = gnu99;
				GCC_DYNAMIC_NO_PIC = NO;
				GCC_NO_COMMON_BLOCKS = YES;
				GCC_OPTIMIZATION_LEVEL = 0;
				GCC_PREPROCESSOR_DEFINITIONS = (
					"DEBUG=1",
					"$(inherited)",
				);
				GCC_WARN_64_TO_32_BIT_CONVERSION = YES;
				GCC_WARN_ABOUT_RETURN_TYPE = YES_ERROR;
				GCC_WARN_UNDECLARED_SELECTOR = YES;
				GCC_WARN_UNINITIALIZED_AUTOS = YES_AGGRESSIVE;
				GCC_WARN_UNUSED_FUNCTION = YES;
				GCC_WARN_UNUSED_VARIABLE = YES;
				IPHONEOS_DEPLOYMENT_TARGET = 10.3;
				MTL_ENABLE_DEBUG_INFO = YES;
				ONLY_ACTIVE_ARCH = YES;
				SDKROOT = iphoneos;
				TARGETED_DEVICE_FAMILY = "1,2";
			};
			name = Debug;
		};
		B656F65E1F02EB9900D7ADDB /* Release */ = {
			isa = XCBuildConfiguration;
			buildSettings = {
				ALWAYS_SEARCH_USER_PATHS = NO;
				CLANG_ANALYZER_NONNULL = YES;
				CLANG_ANALYZER_NUMBER_OBJECT_CONVERSION = YES_AGGRESSIVE;
				CLANG_CXX_LANGUAGE_STANDARD = "gnu++0x";
				CLANG_CXX_LIBRARY = "libc++";
				CLANG_ENABLE_MODULES = YES;
				CLANG_ENABLE_OBJC_ARC = YES;
				CLANG_WARN_BOOL_CONVERSION = YES;
				CLANG_WARN_CONSTANT_CONVERSION = YES;
				CLANG_WARN_DIRECT_OBJC_ISA_USAGE = YES_ERROR;
				CLANG_WARN_DOCUMENTATION_COMMENTS = YES;
				CLANG_WARN_EMPTY_BODY = YES;
				CLANG_WARN_ENUM_CONVERSION = YES;
				CLANG_WARN_INFINITE_RECURSION = YES;
				CLANG_WARN_INT_CONVERSION = YES;
				CLANG_WARN_OBJC_ROOT_CLASS = YES_ERROR;
				CLANG_WARN_SUSPICIOUS_MOVE = YES;
				CLANG_WARN_UNREACHABLE_CODE = YES;
				CLANG_WARN__DUPLICATE_METHOD_MATCH = YES;
				"CODE_SIGN_IDENTITY[sdk=iphoneos*]" = "iPhone Developer";
				COPY_PHASE_STRIP = NO;
				DEBUG_INFORMATION_FORMAT = "dwarf-with-dsym";
				ENABLE_NS_ASSERTIONS = NO;
				ENABLE_STRICT_OBJC_MSGSEND = YES;
				GCC_C_LANGUAGE_STANDARD = gnu99;
				GCC_NO_COMMON_BLOCKS = YES;
				GCC_WARN_64_TO_32_BIT_CONVERSION = YES;
				GCC_WARN_ABOUT_RETURN_TYPE = YES_ERROR;
				GCC_WARN_UNDECLARED_SELECTOR = YES;
				GCC_WARN_UNINITIALIZED_AUTOS = YES_AGGRESSIVE;
				GCC_WARN_UNUSED_FUNCTION = YES;
				GCC_WARN_UNUSED_VARIABLE = YES;
				IPHONEOS_DEPLOYMENT_TARGET = 10.3;
				MTL_ENABLE_DEBUG_INFO = NO;
				SDKROOT = iphoneos;
				TARGETED_DEVICE_FAMILY = "1,2";
				VALIDATE_PRODUCT = YES;
			};
			name = Release;
		};
		B656F6601F02EB9900D7ADDB /* Debug */ = {
			isa = XCBuildConfiguration;
			buildSettings = {
				ASSETCATALOG_COMPILER_APPICON_NAME = AppIcon;
				CLANG_ENABLE_MODULES = YES;
				DEVELOPMENT_TEAM = X458A5BXZ4;
				INFOPLIST_FILE = Rover/Info.plist;
				LD_RUNPATH_SEARCH_PATHS = "$(inherited) @executable_path/Frameworks";
				PRODUCT_BUNDLE_IDENTIFIER = com.collincannavo.Rover;
				PRODUCT_NAME = "$(TARGET_NAME)";
				SWIFT_OBJC_BRIDGING_HEADER = "Rover/Rover-Bridging-Header.h";
				SWIFT_OPTIMIZATION_LEVEL = "-Onone";
				SWIFT_VERSION = 3.0;
			};
			name = Debug;
		};
		B656F6611F02EB9900D7ADDB /* Release */ = {
			isa = XCBuildConfiguration;
			buildSettings = {
				ASSETCATALOG_COMPILER_APPICON_NAME = AppIcon;
				CLANG_ENABLE_MODULES = YES;
				DEVELOPMENT_TEAM = X458A5BXZ4;
				INFOPLIST_FILE = Rover/Info.plist;
				LD_RUNPATH_SEARCH_PATHS = "$(inherited) @executable_path/Frameworks";
				PRODUCT_BUNDLE_IDENTIFIER = com.collincannavo.Rover;
				PRODUCT_NAME = "$(TARGET_NAME)";
				SWIFT_OBJC_BRIDGING_HEADER = "Rover/Rover-Bridging-Header.h";
				SWIFT_VERSION = 3.0;
			};
			name = Release;
		};
/* End XCBuildConfiguration section */

/* Begin XCConfigurationList section */
		B656F6431F02EB9900D7ADDB /* Build configuration list for PBXProject "Rover" */ = {
			isa = XCConfigurationList;
			buildConfigurations = (
				B656F65D1F02EB9900D7ADDB /* Debug */,
				B656F65E1F02EB9900D7ADDB /* Release */,
			);
			defaultConfigurationIsVisible = 0;
			defaultConfigurationName = Release;
		};
		B656F65F1F02EB9900D7ADDB /* Build configuration list for PBXNativeTarget "Rover" */ = {
			isa = XCConfigurationList;
			buildConfigurations = (
				B656F6601F02EB9900D7ADDB /* Debug */,
				B656F6611F02EB9900D7ADDB /* Release */,
			);
			defaultConfigurationIsVisible = 0;
			defaultConfigurationName = Release;
		};
/* End XCConfigurationList section */
	};
	rootObject = B656F6401F02EB9900D7ADDB /* Project object */;
}
